<?xml version="1.0" encoding="utf-8"?>
<Project ToolsVersion="4.0" xmlns="http://schemas.microsoft.com/developer/msbuild/2003">
  <ItemGroup>
    <Filter Include="Source Files">
      <UniqueIdentifier>{4FC737F1-C7A5-4376-A066-2A32D752A2FF}</UniqueIdentifier>
      <Extensions>cpp;cxx;c;def</Extensions>
    </Filter>
    <Filter Include="Header Files">
      <UniqueIdentifier>{93995380-89BD-4b04-88EB-625FBE52EBFB}</UniqueIdentifier>
      <Extensions>h</Extensions>
    </Filter>
    <Filter Include="Form Files">
      <UniqueIdentifier>{99349809-55BA-4b9d-BF79-8FDBB0286EB3}</UniqueIdentifier>
      <Extensions>ui</Extensions>
    </Filter>
    <Filter Include="Resource Files">
      <UniqueIdentifier>{D9D6E242-F8AF-46E4-B9FD-80ECBC20BA3E}</UniqueIdentifier>
      <Extensions>qrc;*</Extensions>
      <ParseFiles>false</ParseFiles>
    </Filter>
    <Filter Include="Generated Files">
      <UniqueIdentifier>{71ED8ED8-ACB9-4CE9-BBE1-E00B30144E11}</UniqueIdentifier>
      <Extensions>moc;h;cpp</Extensions>
      <SourceControlFiles>False</SourceControlFiles>
    </Filter>
    <Filter Include="Generated Files\Debug">
      <UniqueIdentifier>{31df01ef-f6d8-415c-a813-2191444699f9}</UniqueIdentifier>
      <Extensions>cpp;moc</Extensions>
      <SourceControlFiles>False</SourceControlFiles>
    </Filter>
    <Filter Include="Generated Files\Release">
      <UniqueIdentifier>{ff0a930a-179e-4e1c-9c99-de5b1e2004ea}</UniqueIdentifier>
      <Extensions>cpp;moc</Extensions>
      <SourceControlFiles>False</SourceControlFiles>
    </Filter>
    <Filter Include="Source Files\hlpr">
      <UniqueIdentifier>{70b613c1-d9d0-43fa-93a1-88c9f2351ed7}</UniqueIdentifier>
    </Filter>
    <Filter Include="Source Files\widget">
      <UniqueIdentifier>{4d9fa4fa-a23d-43f0-824e-77acad89f93a}</UniqueIdentifier>
    </Filter>
  </ItemGroup>
  <ItemGroup>
    <ClCompile Include="main.cpp">
      <Filter>Source Files</Filter>
    </ClCompile>
    <ClCompile Include="dbgraph.cpp">
      <Filter>Source Files</Filter>
    </ClCompile>
    <ClCompile Include="GeneratedFiles\Debug\moc_dbgraph.cpp">
      <Filter>Generated Files\Debug</Filter>
    </ClCompile>
    <ClCompile Include="GeneratedFiles\Release\moc_dbgraph.cpp">
      <Filter>Generated Files\Release</Filter>
    </ClCompile>
    <ClCompile Include="GeneratedFiles\qrc_dbgraph.cpp">
      <Filter>Generated Files</Filter>
    </ClCompile>
    <ClCompile Include="analyzer.cpp">
      <Filter>Source Files\hlpr</Filter>
    </ClCompile>
    <ClCompile Include="analyzer_wrapper.cpp">
      <Filter>Source Files\hlpr</Filter>
    </ClCompile>
    <ClCompile Include="engine_linker.cpp">
      <Filter>Source Files\hlpr</Filter>
    </ClCompile>
    <ClCompile Include="code_edge.cpp">
      <Filter>Source Files\widget</Filter>
    </ClCompile>
    <ClCompile Include="GeneratedFiles\Release\moc_code_graph.cpp">
      <Filter>Generated Files\Release</Filter>
    </ClCompile>
    <ClCompile Include="code_node.cpp">
      <Filter>Source Files\widget</Filter>
    </ClCompile>
    <ClCompile Include="code_tree.cpp">
      <Filter>Source Files\widget</Filter>
    </ClCompile>
    <ClCompile Include="graph_view.cpp">
      <Filter>Source Files\widget</Filter>
    </ClCompile>
    <ClCompile Include="GeneratedFiles\Release\moc_graph_view.cpp">
      <Filter>Generated Files\Release</Filter>
    </ClCompile>
    <ClCompile Include="syntax_highlighter.cpp">
      <Filter>Source Files\widget</Filter>
    </ClCompile>
    <ClCompile Include="shadow.cpp">
      <Filter>Source Files\widget</Filter>
    </ClCompile>
  </ItemGroup>
  <ItemGroup>
    <CustomBuild Include="dbgraph.h">
      <Filter>Header Files</Filter>
    </CustomBuild>
    <CustomBuild Include="dbgraph.ui">
      <Filter>Form Files</Filter>
    </CustomBuild>
    <CustomBuild Include="dbgraph.qrc">
      <Filter>Resource Files</Filter>
    </CustomBuild>
    <CustomBuild Include="code_graph.h">
      <Filter>Source Files\widget</Filter>
    </CustomBuild>
    <CustomBuild Include="graph_view.h">
      <Filter>Source Files\widget</Filter>
    </CustomBuild>
  </ItemGroup>
  <ItemGroup>
    <ClInclude Include="GeneratedFiles\ui_dbgraph.h">
      <Filter>Generated Files</Filter>
    </ClInclude>
    <ClInclude Include="analyzer.h">
      <Filter>Source Files\hlpr</Filter>
    </ClInclude>
    <ClInclude Include="analyzer_wrapper.h">
      <Filter>Source Files\hlpr</Filter>
    </ClInclude>
    <ClInclude Include="engine_linker.h">
      <Filter>Source Files\hlpr</Filter>
    </ClInclude>
    <ClInclude Include="interface.h">
      <Filter>Source Files\hlpr</Filter>
    </ClInclude>
    <ClInclude Include="syntax_highlighter.h">
      <Filter>Source Files\widget</Filter>
    </ClInclude>
    <ClInclude Include="register_idx.h">
      <Filter>Source Files\hlpr</Filter>
    </ClInclude>
    <ClInclude Include="shadow.h">
      <Filter>Source Files\widget</Filter>
    </ClInclude>
  </ItemGroup>
</Project>